
Microsoft Visual Studio Solution File, Format Version 12.00
# Visual Studio 16
Project("{FAE04EC0-301F-11D3-BF4B-00C04F79EFBC}") = "Assembly-CSharp", "Assembly-CSharp.csproj", "{689FD77A-4823-B018-EC68-DB070B321F8D}"
EndProject
Project("{FAE04EC0-301F-11D3-BF4B-00C04F79EFBC}") = "Assembly-CSharp-Editor", "Assembly-CSharp-Editor.csproj", "{F3450522-E4BF-3511-AAC4-8DD443255749}"
EndProject
Global
	GlobalSection(SolutionConfigurationPlatforms) = preSolution
		Debug|Any CPU = Debug|Any CPU
		Release|Any CPU = Release|Any CPU
	EndGlobalSection
	GlobalSection(ProjectConfigurationPlatforms) = postSolution
		{689FD77A-4823-B018-EC68-DB070B321F8D}.Debug|Any CPU.ActiveCfg = Debug|Any CPU
		{689FD77A-4823-B018-EC68-DB070B321F8D}.Debug|Any CPU.Build.0 = Debug|Any CPU
		{689FD77A-4823-B018-EC68-DB070B321F8D}.Release|Any CPU.ActiveCfg = Release|Any CPU
		{689FD77A-4823-B018-EC68-DB070B321F8D}.Release|Any CPU.Build.0 = Release|Any CPU
		{F3450522-E4BF-3511-AAC4-8DD443255749}.Debug|Any CPU.ActiveCfg = Debug|Any CPU
		{F3450522-E4BF-3511-AAC4-8DD443255749}.Debug|Any CPU.Build.0 = Debug|Any CPU
		{F3450522-E4BF-3511-AAC4-8DD443255749}.Release|Any CPU.ActiveCfg = Release|Any CPU
		{F3450522-E4BF-3511-AAC4-8DD443255749}.Release|Any CPU.Build.0 = Release|Any CPU
	EndGlobalSection
	GlobalSection(SolutionProperties) = preSolution
		HideSolutionNode = FALSE
	EndGlobalSection
EndGlobal
